// !$*UTF8*$!
{
	archiveVersion = 1;
	classes = {
	};
	objectVersion = 55;
	objects = {

/* Begin PBXBuildFile section */
		6903706E28887E75004F939A /* StopwatchManager.swift in Sources */ = {isa = PBXBuildFile; fileRef = 6903706D28887E75004F939A /* StopwatchManager.swift */; };
		690370712888A08C004F939A /* IndoorActivity.swift in Sources */ = {isa = PBXBuildFile; fileRef = 690370702888A08C004F939A /* IndoorActivity.swift */; };
		690370732888A09C004F939A /* OutdoorActivity.swift in Sources */ = {isa = PBXBuildFile; fileRef = 690370722888A09C004F939A /* OutdoorActivity.swift */; };
		690370752888C9AA004F939A /* PlayTimeView.swift in Sources */ = {isa = PBXBuildFile; fileRef = 690370742888C9AA004F939A /* PlayTimeView.swift */; };
		690370772888D2F4004F939A /* ParentPlayTimeView.swift in Sources */ = {isa = PBXBuildFile; fileRef = 690370762888D2F4004F939A /* ParentPlayTimeView.swift */; };
		6903707A2888D64C004F939A /* PickTimeView.swift in Sources */ = {isa = PBXBuildFile; fileRef = 690370792888D64C004F939A /* PickTimeView.swift */; };
		694689C72889B89800D136B9 /* PersistentController.swift in Sources */ = {isa = PBXBuildFile; fileRef = 694689C62889B89800D136B9 /* PersistentController.swift */; };
		694689C82889BE3000D136B9 /* DataHunter.xcdatamodeld in Sources */ = {isa = PBXBuildFile; fileRef = 694689C22889B81C00D136B9 /* DataHunter.xcdatamodeld */; };
		6986474A2887CC240078DDA8 /* OnboardingView.swift in Sources */ = {isa = PBXBuildFile; fileRef = 698647492887CC240078DDA8 /* OnboardingView.swift */; };
		6986474E288847990078DDA8 /* PlayTrackView.swift in Sources */ = {isa = PBXBuildFile; fileRef = 6986474D288847990078DDA8 /* PlayTrackView.swift */; };
		6986475128886A340078DDA8 /* HistoryView.swift in Sources */ = {isa = PBXBuildFile; fileRef = 6986475028886A340078DDA8 /* HistoryView.swift */; };
		6986475328886CEB0078DDA8 /* ChangeGoalView.swift in Sources */ = {isa = PBXBuildFile; fileRef = 6986475228886CEB0078DDA8 /* ChangeGoalView.swift */; };
		69AEE2C12881100C0089BA09 /* Meow Hunt Watch WatchKit App.app in Embed Watch Content */ = {isa = PBXBuildFile; fileRef = 69AEE2C02881100C0089BA09 /* Meow Hunt Watch WatchKit App.app */; settings = {ATTRIBUTES = (RemoveHeadersOnCopy, ); }; };
		69AEE2C62881100D0089BA09 /* Assets.xcassets in Resources */ = {isa = PBXBuildFile; fileRef = 69AEE2C52881100D0089BA09 /* Assets.xcassets */; };
		69AEE2CC2881100D0089BA09 /* Meow Hunt Watch WatchKit Extension.appex in Embed App Extensions */ = {isa = PBXBuildFile; fileRef = 69AEE2CB2881100D0089BA09 /* Meow Hunt Watch WatchKit Extension.appex */; settings = {ATTRIBUTES = (RemoveHeadersOnCopy, ); }; };
		69AEE2D12881100D0089BA09 /* ContentView.swift in Sources */ = {isa = PBXBuildFile; fileRef = 69AEE2D02881100D0089BA09 /* ContentView.swift */; };
		69AEE2D32881100D0089BA09 /* Meow_Hunt_WatchApp.swift in Sources */ = {isa = PBXBuildFile; fileRef = 69AEE2D22881100D0089BA09 /* Meow_Hunt_WatchApp.swift */; };
		69AEE2D52881100D0089BA09 /* ComplicationController.swift in Sources */ = {isa = PBXBuildFile; fileRef = 69AEE2D42881100D0089BA09 /* ComplicationController.swift */; };
		69AEE2D72881100E0089BA09 /* Assets.xcassets in Resources */ = {isa = PBXBuildFile; fileRef = 69AEE2D62881100E0089BA09 /* Assets.xcassets */; };
		69AEE2DA2881100E0089BA09 /* Preview Assets.xcassets in Resources */ = {isa = PBXBuildFile; fileRef = 69AEE2D92881100E0089BA09 /* Preview Assets.xcassets */; };
		98D29BB228867EA5006C7313 /* IndoorActivityView.swift in Sources */ = {isa = PBXBuildFile; fileRef = 98D29BB128867EA5006C7313 /* IndoorActivityView.swift */; };
		98D29BB428867EC5006C7313 /* OutdoorActivityView.swift in Sources */ = {isa = PBXBuildFile; fileRef = 98D29BB328867EC5006C7313 /* OutdoorActivityView.swift */; };
		98D29BB828871F15006C7313 /* TimerView.swift in Sources */ = {isa = PBXBuildFile; fileRef = 98D29BB728871F15006C7313 /* TimerView.swift */; };
		98D29BBC288721AD006C7313 /* CircleProgressView.swift in Sources */ = {isa = PBXBuildFile; fileRef = 98D29BBB288721AD006C7313 /* CircleProgressView.swift */; };
/* End PBXBuildFile section */

/* Begin PBXContainerItemProxy section */
		69AEE2C22881100C0089BA09 /* PBXContainerItemProxy */ = {
			isa = PBXContainerItemProxy;
			containerPortal = 69AEE2B62881100C0089BA09 /* Project object */;
			proxyType = 1;
			remoteGlobalIDString = 69AEE2BF2881100C0089BA09;
			remoteInfo = "Meow Hunt Watch WatchKit App";
		};
		69AEE2CD2881100D0089BA09 /* PBXContainerItemProxy */ = {
			isa = PBXContainerItemProxy;
			containerPortal = 69AEE2B62881100C0089BA09 /* Project object */;
			proxyType = 1;
			remoteGlobalIDString = 69AEE2CA2881100D0089BA09;
			remoteInfo = "Meow Hunt Watch WatchKit Extension";
		};
/* End PBXContainerItemProxy section */

/* Begin PBXCopyFilesBuildPhase section */
		69AEE2E12881100E0089BA09 /* Embed App Extensions */ = {
			isa = PBXCopyFilesBuildPhase;
			buildActionMask = 2147483647;
			dstPath = "";
			dstSubfolderSpec = 13;
			files = (
				69AEE2CC2881100D0089BA09 /* Meow Hunt Watch WatchKit Extension.appex in Embed App Extensions */,
			);
			name = "Embed App Extensions";
			runOnlyForDeploymentPostprocessing = 0;
		};
		69AEE2E52881100E0089BA09 /* Embed Watch Content */ = {
			isa = PBXCopyFilesBuildPhase;
			buildActionMask = 2147483647;
			dstPath = "$(CONTENTS_FOLDER_PATH)/Watch";
			dstSubfolderSpec = 16;
			files = (
				69AEE2C12881100C0089BA09 /* Meow Hunt Watch WatchKit App.app in Embed Watch Content */,
			);
			name = "Embed Watch Content";
			runOnlyForDeploymentPostprocessing = 0;
		};
/* End PBXCopyFilesBuildPhase section */

/* Begin PBXFileReference section */
		6903706D28887E75004F939A /* StopwatchManager.swift */ = {isa = PBXFileReference; lastKnownFileType = sourcecode.swift; path = StopwatchManager.swift; sourceTree = "<group>"; };
		690370702888A08C004F939A /* IndoorActivity.swift */ = {isa = PBXFileReference; lastKnownFileType = sourcecode.swift; path = IndoorActivity.swift; sourceTree = "<group>"; };
		690370722888A09C004F939A /* OutdoorActivity.swift */ = {isa = PBXFileReference; lastKnownFileType = sourcecode.swift; path = OutdoorActivity.swift; sourceTree = "<group>"; };
		690370742888C9AA004F939A /* PlayTimeView.swift */ = {isa = PBXFileReference; lastKnownFileType = sourcecode.swift; path = PlayTimeView.swift; sourceTree = "<group>"; };
		690370762888D2F4004F939A /* ParentPlayTimeView.swift */ = {isa = PBXFileReference; lastKnownFileType = sourcecode.swift; path = ParentPlayTimeView.swift; sourceTree = "<group>"; };
		690370792888D64C004F939A /* PickTimeView.swift */ = {isa = PBXFileReference; lastKnownFileType = sourcecode.swift; path = PickTimeView.swift; sourceTree = "<group>"; };
		694689C32889B81C00D136B9 /* DataHunter.xcdatamodel */ = {isa = PBXFileReference; lastKnownFileType = wrapper.xcdatamodel; path = DataHunter.xcdatamodel; sourceTree = "<group>"; };
		694689C62889B89800D136B9 /* PersistentController.swift */ = {isa = PBXFileReference; lastKnownFileType = sourcecode.swift; path = PersistentController.swift; sourceTree = "<group>"; };
		698647492887CC240078DDA8 /* OnboardingView.swift */ = {isa = PBXFileReference; lastKnownFileType = sourcecode.swift; path = OnboardingView.swift; sourceTree = "<group>"; };
		6986474D288847990078DDA8 /* PlayTrackView.swift */ = {isa = PBXFileReference; lastKnownFileType = sourcecode.swift; path = PlayTrackView.swift; sourceTree = "<group>"; };
		6986475028886A340078DDA8 /* HistoryView.swift */ = {isa = PBXFileReference; lastKnownFileType = sourcecode.swift; path = HistoryView.swift; sourceTree = "<group>"; };
		6986475228886CEB0078DDA8 /* ChangeGoalView.swift */ = {isa = PBXFileReference; lastKnownFileType = sourcecode.swift; path = ChangeGoalView.swift; sourceTree = "<group>"; };
		69AEE2BC2881100C0089BA09 /* Meow Hunt Watch.app */ = {isa = PBXFileReference; explicitFileType = wrapper.application; includeInIndex = 0; path = "Meow Hunt Watch.app"; sourceTree = BUILT_PRODUCTS_DIR; };
		69AEE2C02881100C0089BA09 /* Meow Hunt Watch WatchKit App.app */ = {isa = PBXFileReference; explicitFileType = wrapper.application; includeInIndex = 0; path = "Meow Hunt Watch WatchKit App.app"; sourceTree = BUILT_PRODUCTS_DIR; };
		69AEE2C52881100D0089BA09 /* Assets.xcassets */ = {isa = PBXFileReference; lastKnownFileType = folder.assetcatalog; path = Assets.xcassets; sourceTree = "<group>"; };
		69AEE2CB2881100D0089BA09 /* Meow Hunt Watch WatchKit Extension.appex */ = {isa = PBXFileReference; explicitFileType = "wrapper.app-extension"; includeInIndex = 0; path = "Meow Hunt Watch WatchKit Extension.appex"; sourceTree = BUILT_PRODUCTS_DIR; };
		69AEE2D02881100D0089BA09 /* ContentView.swift */ = {isa = PBXFileReference; lastKnownFileType = sourcecode.swift; path = ContentView.swift; sourceTree = "<group>"; };
		69AEE2D22881100D0089BA09 /* Meow_Hunt_WatchApp.swift */ = {isa = PBXFileReference; lastKnownFileType = sourcecode.swift; path = Meow_Hunt_WatchApp.swift; sourceTree = "<group>"; };
		69AEE2D42881100D0089BA09 /* ComplicationController.swift */ = {isa = PBXFileReference; lastKnownFileType = sourcecode.swift; path = ComplicationController.swift; sourceTree = "<group>"; };
		69AEE2D62881100E0089BA09 /* Assets.xcassets */ = {isa = PBXFileReference; lastKnownFileType = folder.assetcatalog; path = Assets.xcassets; sourceTree = "<group>"; };
		69AEE2D92881100E0089BA09 /* Preview Assets.xcassets */ = {isa = PBXFileReference; lastKnownFileType = folder.assetcatalog; path = "Preview Assets.xcassets"; sourceTree = "<group>"; };
		69AEE2DB2881100E0089BA09 /* Info.plist */ = {isa = PBXFileReference; lastKnownFileType = text.plist.xml; path = Info.plist; sourceTree = "<group>"; };
		98D29BB128867EA5006C7313 /* IndoorActivityView.swift */ = {isa = PBXFileReference; lastKnownFileType = sourcecode.swift; path = IndoorActivityView.swift; sourceTree = "<group>"; };
		98D29BB328867EC5006C7313 /* OutdoorActivityView.swift */ = {isa = PBXFileReference; lastKnownFileType = sourcecode.swift; path = OutdoorActivityView.swift; sourceTree = "<group>"; };
		98D29BB728871F15006C7313 /* TimerView.swift */ = {isa = PBXFileReference; lastKnownFileType = sourcecode.swift; path = TimerView.swift; sourceTree = "<group>"; };
		98D29BBB288721AD006C7313 /* CircleProgressView.swift */ = {isa = PBXFileReference; lastKnownFileType = sourcecode.swift; path = CircleProgressView.swift; sourceTree = "<group>"; };
/* End PBXFileReference section */

/* Begin PBXFrameworksBuildPhase section */
		69AEE2C82881100D0089BA09 /* Frameworks */ = {
			isa = PBXFrameworksBuildPhase;
			buildActionMask = 2147483647;
			files = (
			);
			runOnlyForDeploymentPostprocessing = 0;
		};
/* End PBXFrameworksBuildPhase section */

/* Begin PBXGroup section */
		6903706F28889F9C004F939A /* Activity */ = {
			isa = PBXGroup;
			children = (
				69AEE2D02881100D0089BA09 /* ContentView.swift */,
				98D29BB128867EA5006C7313 /* IndoorActivityView.swift */,
				98D29BB328867EC5006C7313 /* OutdoorActivityView.swift */,
			);
			path = Activity;
			sourceTree = "<group>";
		};
		690370782888D624004F939A /* Time Goal */ = {
			isa = PBXGroup;
			children = (
				690370762888D2F4004F939A /* ParentPlayTimeView.swift */,
				690370742888C9AA004F939A /* PlayTimeView.swift */,
				6986475228886CEB0078DDA8 /* ChangeGoalView.swift */,
				690370792888D64C004F939A /* PickTimeView.swift */,
			);
			path = "Time Goal";
			sourceTree = "<group>";
		};
		698647472887C87E0078DDA8 /* Model */ = {
			isa = PBXGroup;
			children = (
				690370702888A08C004F939A /* IndoorActivity.swift */,
				690370722888A09C004F939A /* OutdoorActivity.swift */,
			);
			path = Model;
			sourceTree = "<group>";
		};
		698647482887CBF80078DDA8 /* Onboarding */ = {
			isa = PBXGroup;
			children = (
				690370782888D624004F939A /* Time Goal */,
				698647492887CC240078DDA8 /* OnboardingView.swift */,
				6986474D288847990078DDA8 /* PlayTrackView.swift */,
				6986475028886A340078DDA8 /* HistoryView.swift */,
			);
			path = Onboarding;
			sourceTree = "<group>";
		};
		6986474F28884BEE0078DDA8 /* Timer */ = {
			isa = PBXGroup;
			children = (
				98D29BBB288721AD006C7313 /* CircleProgressView.swift */,
				98D29BB728871F15006C7313 /* TimerView.swift */,
				6903706D28887E75004F939A /* StopwatchManager.swift */,
			);
			path = Timer;
			sourceTree = "<group>";
		};
		69AEE2B52881100C0089BA09 = {
			isa = PBXGroup;
			children = (
				69AEE2C42881100C0089BA09 /* Meow Hunt Watch WatchKit App */,
				69AEE2CF2881100D0089BA09 /* Meow Hunt Watch WatchKit Extension */,
				69AEE2BD2881100C0089BA09 /* Products */,
			);
			sourceTree = "<group>";
		};
		69AEE2BD2881100C0089BA09 /* Products */ = {
			isa = PBXGroup;
			children = (
				69AEE2BC2881100C0089BA09 /* Meow Hunt Watch.app */,
				69AEE2C02881100C0089BA09 /* Meow Hunt Watch WatchKit App.app */,
				69AEE2CB2881100D0089BA09 /* Meow Hunt Watch WatchKit Extension.appex */,
			);
			name = Products;
			sourceTree = "<group>";
		};
		69AEE2C42881100C0089BA09 /* Meow Hunt Watch WatchKit App */ = {
			isa = PBXGroup;
			children = (
				69AEE2C52881100D0089BA09 /* Assets.xcassets */,
			);
			path = "Meow Hunt Watch WatchKit App";
			sourceTree = "<group>";
		};
		69AEE2CF2881100D0089BA09 /* Meow Hunt Watch WatchKit Extension */ = {
			isa = PBXGroup;
			children = (
				698647472887C87E0078DDA8 /* Model */,
				69AEE2EB288740C60089BA09 /* View */,
				69AEE2D22881100D0089BA09 /* Meow_Hunt_WatchApp.swift */,
				694689C22889B81C00D136B9 /* DataHunter.xcdatamodeld */,
				694689C62889B89800D136B9 /* PersistentController.swift */,
				69AEE2D42881100D0089BA09 /* ComplicationController.swift */,
				69AEE2D62881100E0089BA09 /* Assets.xcassets */,
				69AEE2DB2881100E0089BA09 /* Info.plist */,
				69AEE2D82881100E0089BA09 /* Preview Content */,
			);
			path = "Meow Hunt Watch WatchKit Extension";
			sourceTree = "<group>";
		};
		69AEE2D82881100E0089BA09 /* Preview Content */ = {
			isa = PBXGroup;
			children = (
				69AEE2D92881100E0089BA09 /* Preview Assets.xcassets */,
			);
			path = "Preview Content";
			sourceTree = "<group>";
		};
		69AEE2EB288740C60089BA09 /* View */ = {
			isa = PBXGroup;
			children = (
				6903706F28889F9C004F939A /* Activity */,
				6986474F28884BEE0078DDA8 /* Timer */,
				698647482887CBF80078DDA8 /* Onboarding */,
			);
			path = View;
			sourceTree = "<group>";
		};
/* End PBXGroup section */

/* Begin PBXNativeTarget section */
		69AEE2BB2881100C0089BA09 /* Meow Hunt Watch */ = {
			isa = PBXNativeTarget;
			buildConfigurationList = 69AEE2E62881100E0089BA09 /* Build configuration list for PBXNativeTarget "Meow Hunt Watch" */;
			buildPhases = (
				69AEE2BA2881100C0089BA09 /* Resources */,
				69AEE2E52881100E0089BA09 /* Embed Watch Content */,
			);
			buildRules = (
			);
			dependencies = (
				69AEE2C32881100C0089BA09 /* PBXTargetDependency */,
			);
			name = "Meow Hunt Watch";
			productName = "Meow Hunt Watch";
			productReference = 69AEE2BC2881100C0089BA09 /* Meow Hunt Watch.app */;
			productType = "com.apple.product-type.application.watchapp2-container";
		};
		69AEE2BF2881100C0089BA09 /* Meow Hunt Watch WatchKit App */ = {
			isa = PBXNativeTarget;
			buildConfigurationList = 69AEE2E22881100E0089BA09 /* Build configuration list for PBXNativeTarget "Meow Hunt Watch WatchKit App" */;
			buildPhases = (
				69AEE2BE2881100C0089BA09 /* Resources */,
				69AEE2E12881100E0089BA09 /* Embed App Extensions */,
			);
			buildRules = (
			);
			dependencies = (
				69AEE2CE2881100D0089BA09 /* PBXTargetDependency */,
			);
			name = "Meow Hunt Watch WatchKit App";
			productName = "Meow Hunt Watch WatchKit App";
			productReference = 69AEE2C02881100C0089BA09 /* Meow Hunt Watch WatchKit App.app */;
			productType = "com.apple.product-type.application.watchapp2";
		};
		69AEE2CA2881100D0089BA09 /* Meow Hunt Watch WatchKit Extension */ = {
			isa = PBXNativeTarget;
			buildConfigurationList = 69AEE2DE2881100E0089BA09 /* Build configuration list for PBXNativeTarget "Meow Hunt Watch WatchKit Extension" */;
			buildPhases = (
				69AEE2C72881100D0089BA09 /* Sources */,
				69AEE2C82881100D0089BA09 /* Frameworks */,
				69AEE2C92881100D0089BA09 /* Resources */,
			);
			buildRules = (
			);
			dependencies = (
			);
			name = "Meow Hunt Watch WatchKit Extension";
			productName = "Meow Hunt Watch WatchKit Extension";
			productReference = 69AEE2CB2881100D0089BA09 /* Meow Hunt Watch WatchKit Extension.appex */;
			productType = "com.apple.product-type.watchkit2-extension";
		};
/* End PBXNativeTarget section */

/* Begin PBXProject section */
		69AEE2B62881100C0089BA09 /* Project object */ = {
			isa = PBXProject;
			attributes = {
				BuildIndependentTargetsInParallel = 1;
				LastSwiftUpdateCheck = 1330;
				LastUpgradeCheck = 1330;
				TargetAttributes = {
					69AEE2BB2881100C0089BA09 = {
						CreatedOnToolsVersion = 13.3;
					};
					69AEE2BF2881100C0089BA09 = {
						CreatedOnToolsVersion = 13.3;
					};
					69AEE2CA2881100D0089BA09 = {
						CreatedOnToolsVersion = 13.3;
					};
				};
			};
			buildConfigurationList = 69AEE2B92881100C0089BA09 /* Build configuration list for PBXProject "Meow Hunt Watch" */;
			compatibilityVersion = "Xcode 13.0";
			developmentRegion = en;
			hasScannedForEncodings = 0;
			knownRegions = (
				en,
				Base,
			);
			mainGroup = 69AEE2B52881100C0089BA09;
			productRefGroup = 69AEE2BD2881100C0089BA09 /* Products */;
			projectDirPath = "";
			projectRoot = "";
			targets = (
				69AEE2BB2881100C0089BA09 /* Meow Hunt Watch */,
				69AEE2BF2881100C0089BA09 /* Meow Hunt Watch WatchKit App */,
				69AEE2CA2881100D0089BA09 /* Meow Hunt Watch WatchKit Extension */,
			);
		};
/* End PBXProject section */

/* Begin PBXResourcesBuildPhase section */
		69AEE2BA2881100C0089BA09 /* Resources */ = {
			isa = PBXResourcesBuildPhase;
			buildActionMask = 2147483647;
			files = (
			);
			runOnlyForDeploymentPostprocessing = 0;
		};
		69AEE2BE2881100C0089BA09 /* Resources */ = {
			isa = PBXResourcesBuildPhase;
			buildActionMask = 2147483647;
			files = (
				69AEE2C62881100D0089BA09 /* Assets.xcassets in Resources */,
			);
			runOnlyForDeploymentPostprocessing = 0;
		};
		69AEE2C92881100D0089BA09 /* Resources */ = {
			isa = PBXResourcesBuildPhase;
			buildActionMask = 2147483647;
			files = (
				69AEE2DA2881100E0089BA09 /* Preview Assets.xcassets in Resources */,
				69AEE2D72881100E0089BA09 /* Assets.xcassets in Resources */,
			);
			runOnlyForDeploymentPostprocessing = 0;
		};
/* End PBXResourcesBuildPhase section */

/* Begin PBXSourcesBuildPhase section */
		69AEE2C72881100D0089BA09 /* Sources */ = {
			isa = PBXSourcesBuildPhase;
			buildActionMask = 2147483647;
			files = (
				98D29BB828871F15006C7313 /* TimerView.swift in Sources */,
				98D29BB428867EC5006C7313 /* OutdoorActivityView.swift in Sources */,
				69AEE2D32881100D0089BA09 /* Meow_Hunt_WatchApp.swift in Sources */,
				694689C82889BE3000D136B9 /* DataHunter.xcdatamodeld in Sources */,
				690370752888C9AA004F939A /* PlayTimeView.swift in Sources */,
				6986474E288847990078DDA8 /* PlayTrackView.swift in Sources */,
				690370712888A08C004F939A /* IndoorActivity.swift in Sources */,
				98D29BBC288721AD006C7313 /* CircleProgressView.swift in Sources */,
				6903706E28887E75004F939A /* StopwatchManager.swift in Sources */,
				694689C72889B89800D136B9 /* PersistentController.swift in Sources */,
				6986475328886CEB0078DDA8 /* ChangeGoalView.swift in Sources */,
				98D29BB228867EA5006C7313 /* IndoorActivityView.swift in Sources */,
				6986474A2887CC240078DDA8 /* OnboardingView.swift in Sources */,
				6986475128886A340078DDA8 /* HistoryView.swift in Sources */,
				69AEE2D12881100D0089BA09 /* ContentView.swift in Sources */,
				6903707A2888D64C004F939A /* PickTimeView.swift in Sources */,
				690370772888D2F4004F939A /* ParentPlayTimeView.swift in Sources */,
				69AEE2D52881100D0089BA09 /* ComplicationController.swift in Sources */,
				690370732888A09C004F939A /* OutdoorActivity.swift in Sources */,
			);
			runOnlyForDeploymentPostprocessing = 0;
		};
/* End PBXSourcesBuildPhase section */

/* Begin PBXTargetDependency section */
		69AEE2C32881100C0089BA09 /* PBXTargetDependency */ = {
			isa = PBXTargetDependency;
			target = 69AEE2BF2881100C0089BA09 /* Meow Hunt Watch WatchKit App */;
			targetProxy = 69AEE2C22881100C0089BA09 /* PBXContainerItemProxy */;
		};
		69AEE2CE2881100D0089BA09 /* PBXTargetDependency */ = {
			isa = PBXTargetDependency;
			target = 69AEE2CA2881100D0089BA09 /* Meow Hunt Watch WatchKit Extension */;
			targetProxy = 69AEE2CD2881100D0089BA09 /* PBXContainerItemProxy */;
		};
/* End PBXTargetDependency section */

/* Begin XCBuildConfiguration section */
		69AEE2DC2881100E0089BA09 /* Debug */ = {
			isa = XCBuildConfiguration;
			buildSettings = {
				ALWAYS_SEARCH_USER_PATHS = NO;
				CLANG_ANALYZER_NONNULL = YES;
				CLANG_ANALYZER_NUMBER_OBJECT_CONVERSION = YES_AGGRESSIVE;
				CLANG_CXX_LANGUAGE_STANDARD = "gnu++17";
				CLANG_ENABLE_MODULES = YES;
				CLANG_ENABLE_OBJC_ARC = YES;
				CLANG_ENABLE_OBJC_WEAK = YES;
				CLANG_WARN_BLOCK_CAPTURE_AUTORELEASING = YES;
				CLANG_WARN_BOOL_CONVERSION = YES;
				CLANG_WARN_COMMA = YES;
				CLANG_WARN_CONSTANT_CONVERSION = YES;
				CLANG_WARN_DEPRECATED_OBJC_IMPLEMENTATIONS = YES;
				CLANG_WARN_DIRECT_OBJC_ISA_USAGE = YES_ERROR;
				CLANG_WARN_DOCUMENTATION_COMMENTS = YES;
				CLANG_WARN_EMPTY_BODY = YES;
				CLANG_WARN_ENUM_CONVERSION = YES;
				CLANG_WARN_INFINITE_RECURSION = YES;
				CLANG_WARN_INT_CONVERSION = YES;
				CLANG_WARN_NON_LITERAL_NULL_CONVERSION = YES;
				CLANG_WARN_OBJC_IMPLICIT_RETAIN_SELF = YES;
				CLANG_WARN_OBJC_LITERAL_CONVERSION = YES;
				CLANG_WARN_OBJC_ROOT_CLASS = YES_ERROR;
				CLANG_WARN_QUOTED_INCLUDE_IN_FRAMEWORK_HEADER = YES;
				CLANG_WARN_RANGE_LOOP_ANALYSIS = YES;
				CLANG_WARN_STRICT_PROTOTYPES = YES;
				CLANG_WARN_SUSPICIOUS_MOVE = YES;
				CLANG_WARN_UNGUARDED_AVAILABILITY = YES_AGGRESSIVE;
				CLANG_WARN_UNREACHABLE_CODE = YES;
				CLANG_WARN__DUPLICATE_METHOD_MATCH = YES;
				COPY_PHASE_STRIP = NO;
				DEBUG_INFORMATION_FORMAT = dwarf;
				ENABLE_STRICT_OBJC_MSGSEND = YES;
				ENABLE_TESTABILITY = YES;
				GCC_C_LANGUAGE_STANDARD = gnu11;
				GCC_DYNAMIC_NO_PIC = NO;
				GCC_NO_COMMON_BLOCKS = YES;
				GCC_OPTIMIZATION_LEVEL = 0;
				GCC_PREPROCESSOR_DEFINITIONS = (
					"DEBUG=1",
					"$(inherited)",
				);
				GCC_WARN_64_TO_32_BIT_CONVERSION = YES;
				GCC_WARN_ABOUT_RETURN_TYPE = YES_ERROR;
				GCC_WARN_UNDECLARED_SELECTOR = YES;
				GCC_WARN_UNINITIALIZED_AUTOS = YES_AGGRESSIVE;
				GCC_WARN_UNUSED_FUNCTION = YES;
				GCC_WARN_UNUSED_VARIABLE = YES;
				MTL_ENABLE_DEBUG_INFO = INCLUDE_SOURCE;
				MTL_FAST_MATH = YES;
				ONLY_ACTIVE_ARCH = YES;
				SDKROOT = iphoneos;
				SWIFT_ACTIVE_COMPILATION_CONDITIONS = DEBUG;
				SWIFT_OPTIMIZATION_LEVEL = "-Onone";
			};
			name = Debug;
		};
		69AEE2DD2881100E0089BA09 /* Release */ = {
			isa = XCBuildConfiguration;
			buildSettings = {
				ALWAYS_SEARCH_USER_PATHS = NO;
				CLANG_ANALYZER_NONNULL = YES;
				CLANG_ANALYZER_NUMBER_OBJECT_CONVERSION = YES_AGGRESSIVE;
				CLANG_CXX_LANGUAGE_STANDARD = "gnu++17";
				CLANG_ENABLE_MODULES = YES;
				CLANG_ENABLE_OBJC_ARC = YES;
				CLANG_ENABLE_OBJC_WEAK = YES;
				CLANG_WARN_BLOCK_CAPTURE_AUTORELEASING = YES;
				CLANG_WARN_BOOL_CONVERSION = YES;
				CLANG_WARN_COMMA = YES;
				CLANG_WARN_CONSTANT_CONVERSION = YES;
				CLANG_WARN_DEPRECATED_OBJC_IMPLEMENTATIONS = YES;
				CLANG_WARN_DIRECT_OBJC_ISA_USAGE = YES_ERROR;
				CLANG_WARN_DOCUMENTATION_COMMENTS = YES;
				CLANG_WARN_EMPTY_BODY = YES;
				CLANG_WARN_ENUM_CONVERSION = YES;
				CLANG_WARN_INFINITE_RECURSION = YES;
				CLANG_WARN_INT_CONVERSION = YES;
				CLANG_WARN_NON_LITERAL_NULL_CONVERSION = YES;
				CLANG_WARN_OBJC_IMPLICIT_RETAIN_SELF = YES;
				CLANG_WARN_OBJC_LITERAL_CONVERSION = YES;
				CLANG_WARN_OBJC_ROOT_CLASS = YES_ERROR;
				CLANG_WARN_QUOTED_INCLUDE_IN_FRAMEWORK_HEADER = YES;
				CLANG_WARN_RANGE_LOOP_ANALYSIS = YES;
				CLANG_WARN_STRICT_PROTOTYPES = YES;
				CLANG_WARN_SUSPICIOUS_MOVE = YES;
				CLANG_WARN_UNGUARDED_AVAILABILITY = YES_AGGRESSIVE;
				CLANG_WARN_UNREACHABLE_CODE = YES;
				CLANG_WARN__DUPLICATE_METHOD_MATCH = YES;
				COPY_PHASE_STRIP = NO;
				DEBUG_INFORMATION_FORMAT = "dwarf-with-dsym";
				ENABLE_NS_ASSERTIONS = NO;
				ENABLE_STRICT_OBJC_MSGSEND = YES;
				GCC_C_LANGUAGE_STANDARD = gnu11;
				GCC_NO_COMMON_BLOCKS = YES;
				GCC_WARN_64_TO_32_BIT_CONVERSION = YES;
				GCC_WARN_ABOUT_RETURN_TYPE = YES_ERROR;
				GCC_WARN_UNDECLARED_SELECTOR = YES;
				GCC_WARN_UNINITIALIZED_AUTOS = YES_AGGRESSIVE;
				GCC_WARN_UNUSED_FUNCTION = YES;
				GCC_WARN_UNUSED_VARIABLE = YES;
				MTL_ENABLE_DEBUG_INFO = NO;
				MTL_FAST_MATH = YES;
				SDKROOT = iphoneos;
				SWIFT_COMPILATION_MODE = wholemodule;
				SWIFT_OPTIMIZATION_LEVEL = "-O";
				VALIDATE_PRODUCT = YES;
			};
			name = Release;
		};
		69AEE2DF2881100E0089BA09 /* Debug */ = {
			isa = XCBuildConfiguration;
			buildSettings = {
				ASSETCATALOG_COMPILER_COMPLICATION_NAME = Complication;
				CODE_SIGN_STYLE = Automatic;
				CURRENT_PROJECT_VERSION = 1;
				DEVELOPMENT_ASSET_PATHS = "\"Meow Hunt Watch WatchKit Extension/Preview Content\"";
				DEVELOPMENT_TEAM = B3WXM85Q9P;
				ENABLE_PREVIEWS = YES;
				GENERATE_INFOPLIST_FILE = YES;
				INFOPLIST_FILE = "Meow Hunt Watch WatchKit Extension/Info.plist";
				INFOPLIST_KEY_CFBundleDisplayName = "Meow Hunt Watch WatchKit Extension";
				INFOPLIST_KEY_CLKComplicationPrincipalClass = "$(PRODUCT_MODULE_NAME).ComplicationController";
				INFOPLIST_KEY_NSHumanReadableCopyright = "";
				INFOPLIST_KEY_WKWatchOnly = YES;
				LD_RUNPATH_SEARCH_PATHS = (
					"$(inherited)",
					"@executable_path/Frameworks",
					"@executable_path/../../Frameworks",
				);
				MARKETING_VERSION = 1.0;
				PRODUCT_BUNDLE_IDENTIFIER = "id.infinitelearning.Meow-Hunt-Watch.watchkitapp.watchkitextension";
				PRODUCT_NAME = "${TARGET_NAME}";
				SDKROOT = watchos;
				SKIP_INSTALL = YES;
				SWIFT_EMIT_LOC_STRINGS = YES;
				SWIFT_VERSION = 5.0;
				TARGETED_DEVICE_FAMILY = 4;
				WATCHOS_DEPLOYMENT_TARGET = 8.5;
			};
			name = Debug;
		};
		69AEE2E02881100E0089BA09 /* Release */ = {
			isa = XCBuildConfiguration;
			buildSettings = {
				ASSETCATALOG_COMPILER_COMPLICATION_NAME = Complication;
				CODE_SIGN_STYLE = Automatic;
				CURRENT_PROJECT_VERSION = 1;
				DEVELOPMENT_ASSET_PATHS = "\"Meow Hunt Watch WatchKit Extension/Preview Content\"";
				DEVELOPMENT_TEAM = B3WXM85Q9P;
				ENABLE_PREVIEWS = YES;
				GENERATE_INFOPLIST_FILE = YES;
				INFOPLIST_FILE = "Meow Hunt Watch WatchKit Extension/Info.plist";
				INFOPLIST_KEY_CFBundleDisplayName = "Meow Hunt Watch WatchKit Extension";
				INFOPLIST_KEY_CLKComplicationPrincipalClass = "$(PRODUCT_MODULE_NAME).ComplicationController";
				INFOPLIST_KEY_NSHumanReadableCopyright = "";
				INFOPLIST_KEY_WKWatchOnly = YES;
				LD_RUNPATH_SEARCH_PATHS = (
					"$(inherited)",
					"@executable_path/Frameworks",
					"@executable_path/../../Frameworks",
				);
				MARKETING_VERSION = 1.0;
				PRODUCT_BUNDLE_IDENTIFIER = "id.infinitelearning.Meow-Hunt-Watch.watchkitapp.watchkitextension";
				PRODUCT_NAME = "${TARGET_NAME}";
				SDKROOT = watchos;
				SKIP_INSTALL = YES;
				SWIFT_EMIT_LOC_STRINGS = YES;
				SWIFT_VERSION = 5.0;
				TARGETED_DEVICE_FAMILY = 4;
				WATCHOS_DEPLOYMENT_TARGET = 8.5;
			};
			name = Release;
		};
		69AEE2E32881100E0089BA09 /* Debug */ = {
			isa = XCBuildConfiguration;
			buildSettings = {
				ALWAYS_EMBED_SWIFT_STANDARD_LIBRARIES = YES;
				ASSETCATALOG_COMPILER_APPICON_NAME = AppIcon;
				ASSETCATALOG_COMPILER_GLOBAL_ACCENT_COLOR_NAME = AccentColor;
				CODE_SIGN_STYLE = Automatic;
				CURRENT_PROJECT_VERSION = 1;
				DEVELOPMENT_TEAM = B3WXM85Q9P;
				GENERATE_INFOPLIST_FILE = YES;
				IBSC_MODULE = Meow_Hunt_Watch_WatchKit_Extension;
				INFOPLIST_KEY_CFBundleDisplayName = "Meow Hunt Watch WatchKit App";
				INFOPLIST_KEY_UISupportedInterfaceOrientations = "UIInterfaceOrientationPortrait UIInterfaceOrientationPortraitUpsideDown";
				MARKETING_VERSION = 1.0;
				PRODUCT_BUNDLE_IDENTIFIER = "id.infinitelearning.Meow-Hunt-Watch.watchkitapp";
				PRODUCT_NAME = "$(TARGET_NAME)";
				SDKROOT = watchos;
				SKIP_INSTALL = YES;
				SWIFT_EMIT_LOC_STRINGS = YES;
				SWIFT_VERSION = 5.0;
				TARGETED_DEVICE_FAMILY = 4;
				WATCHOS_DEPLOYMENT_TARGET = 8.5;
			};
			name = Debug;
		};
		69AEE2E42881100E0089BA09 /* Release */ = {
			isa = XCBuildConfiguration;
			buildSettings = {
				ALWAYS_EMBED_SWIFT_STANDARD_LIBRARIES = YES;
				ASSETCATALOG_COMPILER_APPICON_NAME = AppIcon;
				ASSETCATALOG_COMPILER_GLOBAL_ACCENT_COLOR_NAME = AccentColor;
				CODE_SIGN_STYLE = Automatic;
				CURRENT_PROJECT_VERSION = 1;
				DEVELOPMENT_TEAM = B3WXM85Q9P;
				GENERATE_INFOPLIST_FILE = YES;
				IBSC_MODULE = Meow_Hunt_Watch_WatchKit_Extension;
				INFOPLIST_KEY_CFBundleDisplayName = "Meow Hunt Watch WatchKit App";
				INFOPLIST_KEY_UISupportedInterfaceOrientations = "UIInterfaceOrientationPortrait UIInterfaceOrientationPortraitUpsideDown";
				MARKETING_VERSION = 1.0;
				PRODUCT_BUNDLE_IDENTIFIER = "id.infinitelearning.Meow-Hunt-Watch.watchkitapp";
				PRODUCT_NAME = "$(TARGET_NAME)";
				SDKROOT = watchos;
				SKIP_INSTALL = YES;
				SWIFT_EMIT_LOC_STRINGS = YES;
				SWIFT_VERSION = 5.0;
				TARGETED_DEVICE_FAMILY = 4;
				WATCHOS_DEPLOYMENT_TARGET = 8.5;
			};
			name = Release;
		};
		69AEE2E72881100E0089BA09 /* Debug */ = {
			isa = XCBuildConfiguration;
			buildSettings = {
				CODE_SIGN_STYLE = Automatic;
				CURRENT_PROJECT_VERSION = 1;
				DEVELOPMENT_TEAM = 497V89NCL4;
				MARKETING_VERSION = 1.0;
				PRODUCT_BUNDLE_IDENTIFIER = "id.infinitelearning.Meow-Hunt-Watch";
				PRODUCT_NAME = "$(TARGET_NAME)";
				SWIFT_VERSION = 5.0;
			};
			name = Debug;
		};
		69AEE2E82881100E0089BA09 /* Release */ = {
			isa = XCBuildConfiguration;
			buildSettings = {
				CODE_SIGN_STYLE = Automatic;
				CURRENT_PROJECT_VERSION = 1;
				DEVELOPMENT_TEAM = 497V89NCL4;
				MARKETING_VERSION = 1.0;
				PRODUCT_BUNDLE_IDENTIFIER = "id.infinitelearning.Meow-Hunt-Watch";
				PRODUCT_NAME = "$(TARGET_NAME)";
				SWIFT_VERSION = 5.0;
			};
			name = Release;
		};
/* End XCBuildConfiguration section */

/* Begin XCConfigurationList section */
		69AEE2B92881100C0089BA09 /* Build configuration list for PBXProject "Meow Hunt Watch" */ = {
			isa = XCConfigurationList;
			buildConfigurations = (
				69AEE2DC2881100E0089BA09 /* Debug */,
				69AEE2DD2881100E0089BA09 /* Release */,
			);
			defaultConfigurationIsVisible = 0;
			defaultConfigurationName = Release;
		};
		69AEE2DE2881100E0089BA09 /* Build configuration list for PBXNativeTarget "Meow Hunt Watch WatchKit Extension" */ = {
			isa = XCConfigurationList;
			buildConfigurations = (
				69AEE2DF2881100E0089BA09 /* Debug */,
				69AEE2E02881100E0089BA09 /* Release */,
			);
			defaultConfigurationIsVisible = 0;
			defaultConfigurationName = Release;
		};
		69AEE2E22881100E0089BA09 /* Build configuration list for PBXNativeTarget "Meow Hunt Watch WatchKit App" */ = {
			isa = XCConfigurationList;
			buildConfigurations = (
				69AEE2E32881100E0089BA09 /* Debug */,
				69AEE2E42881100E0089BA09 /* Release */,
			);
			defaultConfigurationIsVisible = 0;
			defaultConfigurationName = Release;
		};
		69AEE2E62881100E0089BA09 /* Build configuration list for PBXNativeTarget "Meow Hunt Watch" */ = {
			isa = XCConfigurationList;
			buildConfigurations = (
				69AEE2E72881100E0089BA09 /* Debug */,
				69AEE2E82881100E0089BA09 /* Release */,
			);
			defaultConfigurationIsVisible = 0;
			defaultConfigurationName = Release;
		};
/* End XCConfigurationList section */

/* Begin XCVersionGroup section */
		694689C22889B81C00D136B9 /* DataHunter.xcdatamodeld */ = {
			isa = XCVersionGroup;
			children = (
				694689C32889B81C00D136B9 /* DataHunter.xcdatamodel */,
			);
			currentVersion = 694689C32889B81C00D136B9 /* DataHunter.xcdatamodel */;
			path = DataHunter.xcdatamodeld;
			sourceTree = "<group>";
			versionGroupType = wrapper.xcdatamodel;
		};
/* End XCVersionGroup section */
	};
	rootObject = 69AEE2B62881100C0089BA09 /* Project object */;
}
